
Microsoft Visual Studio Solution File, Format Version 12.00
# Visual Studio 15
VisualStudioVersion = 15.0.27703.2000
MinimumVisualStudioVersion = 10.0.40219.1
Project("{FAE04EC0-301F-11D3-BF4B-00C04F79EFBC}") = "ProviderCancellationRule", "ProviderCancellationRule\ProviderCancellationRule.csproj", "{AF76616D-C090-4F25-A817-BA27D8386222}"
EndProject
Global
	GlobalSection(SolutionConfigurationPlatforms) = preSolution
		Debug|Any CPU = Debug|Any CPU
		Release|Any CPU = Release|Any CPU
	EndGlobalSection
	GlobalSection(ProjectConfigurationPlatforms) = postSolution
		{AF76616D-C090-4F25-A817-BA27D8386222}.Debug|Any CPU.ActiveCfg = Debug|Any CPU
		{AF76616D-C090-4F25-A817-BA27D8386222}.Debug|Any CPU.Build.0 = Debug|Any CPU
		{AF76616D-C090-4F25-A817-BA27D8386222}.Release|Any CPU.ActiveCfg = Release|Any CPU
		{AF76616D-C090-4F25-A817-BA27D8386222}.Release|Any CPU.Build.0 = Release|Any CPU
	EndGlobalSection
	GlobalSection(SolutionProperties) = preSolution
		HideSolutionNode = FALSE
	EndGlobalSection
	GlobalSection(ExtensibilityGlobals) = postSolution
		SolutionGuid = {A5B4CCE8-E0EF-4C1D-87A1-906E1C6615EF}
	EndGlobalSection
EndGlobal
